// !$*UTF8*$!
{
	archiveVersion = 1;
	classes = {
	};
	objectVersion = 46;
	objects = {

/* Begin PBXBuildFile section */
		1863E6651C7015AF007DB69D /* main.m in Sources */ = {isa = PBXBuildFile; fileRef = 1863E6641C7015AF007DB69D /* main.m */; };
		1863E6681C7015AF007DB69D /* AppDelegate.m in Sources */ = {isa = PBXBuildFile; fileRef = 1863E6671C7015AF007DB69D /* AppDelegate.m */; };
		1863E66B1C7015AF007DB69D /* ViewController.m in Sources */ = {isa = PBXBuildFile; fileRef = 1863E66A1C7015AF007DB69D /* ViewController.m */; };
		1863E66E1C7015AF007DB69D /* Main.storyboard in Resources */ = {isa = PBXBuildFile; fileRef = 1863E66C1C7015AF007DB69D /* Main.storyboard */; };
		1863E6701C7015AF007DB69D /* Assets.xcassets in Resources */ = {isa = PBXBuildFile; fileRef = 1863E66F1C7015AF007DB69D /* Assets.xcassets */; };
		1863E6731C7015AF007DB69D /* LaunchScreen.storyboard in Resources */ = {isa = PBXBuildFile; fileRef = 1863E6711C7015AF007DB69D /* LaunchScreen.storyboard */; };
		1863E67E1C7015AF007DB69D /* _____btn__________Tests.m in Sources */ = {isa = PBXBuildFile; fileRef = 1863E67D1C7015AF007DB69D /* _____btn__________Tests.m */; };
		1863E6891C7015AF007DB69D /* _____btn__________UITests.m in Sources */ = {isa = PBXBuildFile; fileRef = 1863E6881C7015AF007DB69D /* _____btn__________UITests.m */; };
		1863E6981C7015DD007DB69D /* WZBWhereImageBtn.m in Sources */ = {isa = PBXBuildFile; fileRef = 1863E6971C7015DD007DB69D /* WZBWhereImageBtn.m */; };
		1863E69A1C702902007DB69D /* home.png in Resources */ = {isa = PBXBuildFile; fileRef = 1863E6991C702901007DB69D /* home.png */; };
		1863E69C1C702EA9007DB69D /* home_default@2x.png in Resources */ = {isa = PBXBuildFile; fileRef = 1863E69B1C702EA9007DB69D /* home_default@2x.png */; };
/* End PBXBuildFile section */

/* Begin PBXContainerItemProxy section */
		1863E67A1C7015AF007DB69D /* PBXContainerItemProxy */ = {
			isa = PBXContainerItemProxy;
			containerPortal = 1863E6581C7015AF007DB69D /* Project object */;
			proxyType = 1;
			remoteGlobalIDString = 1863E65F1C7015AF007DB69D;
			remoteInfo = "一句话实现btn内部控件调整任意位置";
		};
		1863E6851C7015AF007DB69D /* PBXContainerItemProxy */ = {
			isa = PBXContainerItemProxy;
			containerPortal = 1863E6581C7015AF007DB69D /* Project object */;
			proxyType = 1;
			remoteGlobalIDString = 1863E65F1C7015AF007DB69D;
			remoteInfo = "一句话实现btn内部控件调整任意位置";
		};
/* End PBXContainerItemProxy section */

/* Begin PBXFileReference section */
		1863E6601C7015AF007DB69D /* 一句话实现btn内部控件调整任意位置.app */ = {isa = PBXFileReference; explicitFileType = wrapper.application; includeInIndex = 0; path = "一句话实现btn内部控件调整任意位置.app"; sourceTree = BUILT_PRODUCTS_DIR; };
		1863E6641C7015AF007DB69D /* main.m */ = {isa = PBXFileReference; lastKnownFileType = sourcecode.c.objc; path = main.m; sourceTree = "<group>"; };
		1863E6661C7015AF007DB69D /* AppDelegate.h */ = {isa = PBXFileReference; lastKnownFileType = sourcecode.c.h; path = AppDelegate.h; sourceTree = "<group>"; };
		1863E6671C7015AF007DB69D /* AppDelegate.m */ = {isa = PBXFileReference; lastKnownFileType = sourcecode.c.objc; path = AppDelegate.m; sourceTree = "<group>"; };
		1863E6691C7015AF007DB69D /* ViewController.h */ = {isa = PBXFileReference; lastKnownFileType = sourcecode.c.h; path = ViewController.h; sourceTree = "<group>"; };
		1863E66A1C7015AF007DB69D /* ViewController.m */ = {isa = PBXFileReference; lastKnownFileType = sourcecode.c.objc; path = ViewController.m; sourceTree = "<group>"; };
		1863E66D1C7015AF007DB69D /* Base */ = {isa = PBXFileReference; lastKnownFileType = file.storyboard; name = Base; path = Base.lproj/Main.storyboard; sourceTree = "<group>"; };
		1863E66F1C7015AF007DB69D /* Assets.xcassets */ = {isa = PBXFileReference; lastKnownFileType = folder.assetcatalog; path = Assets.xcassets; sourceTree = "<group>"; };
		1863E6721C7015AF007DB69D /* Base */ = {isa = PBXFileReference; lastKnownFileType = file.storyboard; name = Base; path = Base.lproj/LaunchScreen.storyboard; sourceTree = "<group>"; };
		1863E6741C7015AF007DB69D /* Info.plist */ = {isa = PBXFileReference; lastKnownFileType = text.plist.xml; path = Info.plist; sourceTree = "<group>"; };
		1863E6791C7015AF007DB69D /* 一句话实现btn内部控件调整任意位置Tests.xctest */ = {isa = PBXFileReference; explicitFileType = wrapper.cfbundle; includeInIndex = 0; path = "一句话实现btn内部控件调整任意位置Tests.xctest"; sourceTree = BUILT_PRODUCTS_DIR; };
		1863E67D1C7015AF007DB69D /* _____btn__________Tests.m */ = {isa = PBXFileReference; lastKnownFileType = sourcecode.c.objc; path = "_____btn__________Tests.m"; sourceTree = "<group>"; };
		1863E67F1C7015AF007DB69D /* Info.plist */ = {isa = PBXFileReference; lastKnownFileType = text.plist.xml; path = Info.plist; sourceTree = "<group>"; };
		1863E6841C7015AF007DB69D /* 一句话实现btn内部控件调整任意位置UITests.xctest */ = {isa = PBXFileReference; explicitFileType = wrapper.cfbundle; includeInIndex = 0; path = "一句话实现btn内部控件调整任意位置UITests.xctest"; sourceTree = BUILT_PRODUCTS_DIR; };
		1863E6881C7015AF007DB69D /* _____btn__________UITests.m */ = {isa = PBXFileReference; lastKnownFileType = sourcecode.c.objc; path = "_____btn__________UITests.m"; sourceTree = "<group>"; };
		1863E68A1C7015AF007DB69D /* Info.plist */ = {isa = PBXFileReference; lastKnownFileType = text.plist.xml; path = Info.plist; sourceTree = "<group>"; };
		1863E6961C7015DD007DB69D /* WZBWhereImageBtn.h */ = {isa = PBXFileReference; fileEncoding = 4; lastKnownFileType = sourcecode.c.h; path = WZBWhereImageBtn.h; sourceTree = "<group>"; };
		1863E6971C7015DD007DB69D /* WZBWhereImageBtn.m */ = {isa = PBXFileReference; fileEncoding = 4; lastKnownFileType = sourcecode.c.objc; path = WZBWhereImageBtn.m; sourceTree = "<group>"; };
		1863E6991C702901007DB69D /* home.png */ = {isa = PBXFileReference; lastKnownFileType = image.png; path = home.png; sourceTree = "<group>"; };
		1863E69B1C702EA9007DB69D /* home_default@2x.png */ = {isa = PBXFileReference; lastKnownFileType = image.png; path = "home_default@2x.png"; sourceTree = "<group>"; };
/* End PBXFileReference section */

/* Begin PBXFrameworksBuildPhase section */
		1863E65D1C7015AF007DB69D /* Frameworks */ = {
			isa = PBXFrameworksBuildPhase;
			buildActionMask = 2147483647;
			files = (
			);
			runOnlyForDeploymentPostprocessing = 0;
		};
		1863E6761C7015AF007DB69D /* Frameworks */ = {
			isa = PBXFrameworksBuildPhase;
			buildActionMask = 2147483647;
			files = (
			);
			runOnlyForDeploymentPostprocessing = 0;
		};
		1863E6811C7015AF007DB69D /* Frameworks */ = {
			isa = PBXFrameworksBuildPhase;
			buildActionMask = 2147483647;
			files = (
			);
			runOnlyForDeploymentPostprocessing = 0;
		};
/* End PBXFrameworksBuildPhase section */

/* Begin PBXGroup section */
		1863E6571C7015AF007DB69D = {
			isa = PBXGroup;
			children = (
				1863E6621C7015AF007DB69D /* 一句话实现btn内部控件调整任意位置 */,
				1863E67C1C7015AF007DB69D /* 一句话实现btn内部控件调整任意位置Tests */,
				1863E6871C7015AF007DB69D /* 一句话实现btn内部控件调整任意位置UITests */,
				1863E6611C7015AF007DB69D /* Products */,
			);
			sourceTree = "<group>";
		};
		1863E6611C7015AF007DB69D /* Products */ = {
			isa = PBXGroup;
			children = (
				1863E6601C7015AF007DB69D /* 一句话实现btn内部控件调整任意位置.app */,
				1863E6791C7015AF007DB69D /* 一句话实现btn内部控件调整任意位置Tests.xctest */,
				1863E6841C7015AF007DB69D /* 一句话实现btn内部控件调整任意位置UITests.xctest */,
			);
			name = Products;
			sourceTree = "<group>";
		};
		1863E6621C7015AF007DB69D /* 一句话实现btn内部控件调整任意位置 */ = {
			isa = PBXGroup;
			children = (
				1863E69B1C702EA9007DB69D /* home_default@2x.png */,
				1863E6991C702901007DB69D /* home.png */,
				1863E6661C7015AF007DB69D /* AppDelegate.h */,
				1863E6671C7015AF007DB69D /* AppDelegate.m */,
				1863E6691C7015AF007DB69D /* ViewController.h */,
				1863E66A1C7015AF007DB69D /* ViewController.m */,
				1863E6961C7015DD007DB69D /* WZBWhereImageBtn.h */,
				1863E6971C7015DD007DB69D /* WZBWhereImageBtn.m */,
				1863E66C1C7015AF007DB69D /* Main.storyboard */,
				1863E66F1C7015AF007DB69D /* Assets.xcassets */,
				1863E6711C7015AF007DB69D /* LaunchScreen.storyboard */,
				1863E6741C7015AF007DB69D /* Info.plist */,
				1863E6631C7015AF007DB69D /* Supporting Files */,
			);
			path = "一句话实现btn内部控件调整任意位置";
			sourceTree = "<group>";
		};
		1863E6631C7015AF007DB69D /* Supporting Files */ = {
			isa = PBXGroup;
			children = (
				1863E6641C7015AF007DB69D /* main.m */,
			);
			name = "Supporting Files";
			sourceTree = "<group>";
		};
		1863E67C1C7015AF007DB69D /* 一句话实现btn内部控件调整任意位置Tests */ = {
			isa = PBXGroup;
			children = (
				1863E67D1C7015AF007DB69D /* _____btn__________Tests.m */,
				1863E67F1C7015AF007DB69D /* Info.plist */,
			);
			path = "一句话实现btn内部控件调整任意位置Tests";
			sourceTree = "<group>";
		};
		1863E6871C7015AF007DB69D /* 一句话实现btn内部控件调整任意位置UITests */ = {
			isa = PBXGroup;
			children = (
				1863E6881C7015AF007DB69D /* _____btn__________UITests.m */,
				1863E68A1C7015AF007DB69D /* Info.plist */,
			);
			path = "一句话实现btn内部控件调整任意位置UITests";
			sourceTree = "<group>";
		};
/* End PBXGroup section */

/* Begin PBXNativeTarget section */
		1863E65F1C7015AF007DB69D /* 一句话实现btn内部控件调整任意位置 */ = {
			isa = PBXNativeTarget;
			buildConfigurationList = 1863E68D1C7015AF007DB69D /* Build configuration list for PBXNativeTarget "一句话实现btn内部控件调整任意位置" */;
			buildPhases = (
				1863E65C1C7015AF007DB69D /* Sources */,
				1863E65D1C7015AF007DB69D /* Frameworks */,
				1863E65E1C7015AF007DB69D /* Resources */,
			);
			buildRules = (
			);
			dependencies = (
			);
			name = "一句话实现btn内部控件调整任意位置";
			productName = "一句话实现btn内部控件调整任意位置";
			productReference = 1863E6601C7015AF007DB69D /* 一句话实现btn内部控件调整任意位置.app */;
			productType = "com.apple.product-type.application";
		};
		1863E6781C7015AF007DB69D /* 一句话实现btn内部控件调整任意位置Tests */ = {
			isa = PBXNativeTarget;
			buildConfigurationList = 1863E6901C7015AF007DB69D /* Build configuration list for PBXNativeTarget "一句话实现btn内部控件调整任意位置Tests" */;
			buildPhases = (
				1863E6751C7015AF007DB69D /* Sources */,
				1863E6761C7015AF007DB69D /* Frameworks */,
				1863E6771C7015AF007DB69D /* Resources */,
			);
			buildRules = (
			);
			dependencies = (
				1863E67B1C7015AF007DB69D /* PBXTargetDependency */,
			);
			name = "一句话实现btn内部控件调整任意位置Tests";
			productName = "一句话实现btn内部控件调整任意位置Tests";
			productReference = 1863E6791C7015AF007DB69D /* 一句话实现btn内部控件调整任意位置Tests.xctest */;
			productType = "com.apple.product-type.bundle.unit-test";
		};
		1863E6831C7015AF007DB69D /* 一句话实现btn内部控件调整任意位置UITests */ = {
			isa = PBXNativeTarget;
			buildConfigurationList = 1863E6931C7015AF007DB69D /* Build configuration list for PBXNativeTarget "一句话实现btn内部控件调整任意位置UITests" */;
			buildPhases = (
				1863E6801C7015AF007DB69D /* Sources */,
				1863E6811C7015AF007DB69D /* Frameworks */,
				1863E6821C7015AF007DB69D /* Resources */,
			);
			buildRules = (
			);
			dependencies = (
				1863E6861C7015AF007DB69D /* PBXTargetDependency */,
			);
			name = "一句话实现btn内部控件调整任意位置UITests";
			productName = "一句话实现btn内部控件调整任意位置UITests";
			productReference = 1863E6841C7015AF007DB69D /* 一句话实现btn内部控件调整任意位置UITests.xctest */;
			productType = "com.apple.product-type.bundle.ui-testing";
		};
/* End PBXNativeTarget section */

/* Begin PBXProject section */
		1863E6581C7015AF007DB69D /* Project object */ = {
			isa = PBXProject;
			attributes = {
				LastUpgradeCheck = 0720;
				ORGANIZATIONNAME = apple;
				TargetAttributes = {
					1863E65F1C7015AF007DB69D = {
						CreatedOnToolsVersion = 7.2;
						DevelopmentTeam = 8HYJW979TJ;
					};
					1863E6781C7015AF007DB69D = {
						CreatedOnToolsVersion = 7.2;
						DevelopmentTeam = 8HYJW979TJ;
						TestTargetID = 1863E65F1C7015AF007DB69D;
					};
					1863E6831C7015AF007DB69D = {
						CreatedOnToolsVersion = 7.2;
						DevelopmentTeam = 8HYJW979TJ;
						TestTargetID = 1863E65F1C7015AF007DB69D;
					};
				};
			};
			buildConfigurationList = 1863E65B1C7015AF007DB69D /* Build configuration list for PBXProject "一句话实现btn内部控件调整任意位置" */;
			compatibilityVersion = "Xcode 3.2";
			developmentRegion = English;
			hasScannedForEncodings = 0;
			knownRegions = (
				en,
				Base,
			);
			mainGroup = 1863E6571C7015AF007DB69D;
			productRefGroup = 1863E6611C7015AF007DB69D /* Products */;
			projectDirPath = "";
			projectRoot = "";
			targets = (
				1863E65F1C7015AF007DB69D /* 一句话实现btn内部控件调整任意位置 */,
				1863E6781C7015AF007DB69D /* 一句话实现btn内部控件调整任意位置Tests */,
				1863E6831C7015AF007DB69D /* 一句话实现btn内部控件调整任意位置UITests */,
			);
		};
/* End PBXProject section */

/* Begin PBXResourcesBuildPhase section */
		1863E65E1C7015AF007DB69D /* Resources */ = {
			isa = PBXResourcesBuildPhase;
			buildActionMask = 2147483647;
			files = (
				1863E6731C7015AF007DB69D /* LaunchScreen.storyboard in Resources */,
				1863E69C1C702EA9007DB69D /* home_default@2x.png in Resources */,
				1863E6701C7015AF007DB69D /* Assets.xcassets in Resources */,
				1863E69A1C702902007DB69D /* home.png in Resources */,
				1863E66E1C7015AF007DB69D /* Main.storyboard in Resources */,
			);
			runOnlyForDeploymentPostprocessing = 0;
		};
		1863E6771C7015AF007DB69D /* Resources */ = {
			isa = PBXResourcesBuildPhase;
			buildActionMask = 2147483647;
			files = (
			);
			runOnlyForDeploymentPostprocessing = 0;
		};
		1863E6821C7015AF007DB69D /* Resources */ = {
			isa = PBXResourcesBuildPhase;
			buildActionMask = 2147483647;
			files = (
			);
			runOnlyForDeploymentPostprocessing = 0;
		};
/* End PBXResourcesBuildPhase section */

/* Begin PBXSourcesBuildPhase section */
		1863E65C1C7015AF007DB69D /* Sources */ = {
			isa = PBXSourcesBuildPhase;
			buildActionMask = 2147483647;
			files = (
				1863E66B1C7015AF007DB69D /* ViewController.m in Sources */,
				1863E6681C7015AF007DB69D /* AppDelegate.m in Sources */,
				1863E6981C7015DD007DB69D /* WZBWhereImageBtn.m in Sources */,
				1863E6651C7015AF007DB69D /* main.m in Sources */,
			);
			runOnlyForDeploymentPostprocessing = 0;
		};
		1863E6751C7015AF007DB69D /* Sources */ = {
			isa = PBXSourcesBuildPhase;
			buildActionMask = 2147483647;
			files = (
				1863E67E1C7015AF007DB69D /* _____btn__________Tests.m in Sources */,
			);
			runOnlyForDeploymentPostprocessing = 0;
		};
		1863E6801C7015AF007DB69D /* Sources */ = {
			isa = PBXSourcesBuildPhase;
			buildActionMask = 2147483647;
			files = (
				1863E6891C7015AF007DB69D /* _____btn__________UITests.m in Sources */,
			);
			runOnlyForDeploymentPostprocessing = 0;
		};
/* End PBXSourcesBuildPhase section */

/* Begin PBXTargetDependency section */
		1863E67B1C7015AF007DB69D /* PBXTargetDependency */ = {
			isa = PBXTargetDependency;
			target = 1863E65F1C7015AF007DB69D /* 一句话实现btn内部控件调整任意位置 */;
			targetProxy = 1863E67A1C7015AF007DB69D /* PBXContainerItemProxy */;
		};
		1863E6861C7015AF007DB69D /* PBXTargetDependency */ = {
			isa = PBXTargetDependency;
			target = 1863E65F1C7015AF007DB69D /* 一句话实现btn内部控件调整任意位置 */;
			targetProxy = 1863E6851C7015AF007DB69D /* PBXContainerItemProxy */;
		};
/* End PBXTargetDependency section */

/* Begin PBXVariantGroup section */
		1863E66C1C7015AF007DB69D /* Main.storyboard */ = {
			isa = PBXVariantGroup;
			children = (
				1863E66D1C7015AF007DB69D /* Base */,
			);
			name = Main.storyboard;
			sourceTree = "<group>";
		};
		1863E6711C7015AF007DB69D /* LaunchScreen.storyboard */ = {
			isa = PBXVariantGroup;
			children = (
				1863E6721C7015AF007DB69D /* Base */,
			);
			name = LaunchScreen.storyboard;
			sourceTree = "<group>";
		};
/* End PBXVariantGroup section */

/* Begin XCBuildConfiguration section */
		1863E68B1C7015AF007DB69D /* Debug */ = {
			isa = XCBuildConfiguration;
			buildSettings = {
				ALWAYS_SEARCH_USER_PATHS = NO;
				CLANG_CXX_LANGUAGE_STANDARD = "gnu++0x";
				CLANG_CXX_LIBRARY = "libc++";
				CLANG_ENABLE_MODULES = YES;
				CLANG_ENABLE_OBJC_ARC = YES;
				CLANG_WARN_BOOL_CONVERSION = YES;
				CLANG_WARN_CONSTANT_CONVERSION = YES;
				CLANG_WARN_DIRECT_OBJC_ISA_USAGE = YES_ERROR;
				CLANG_WARN_EMPTY_BODY = YES;
				CLANG_WARN_ENUM_CONVERSION = YES;
				CLANG_WARN_INT_CONVERSION = YES;
				CLANG_WARN_OBJC_ROOT_CLASS = YES_ERROR;
				CLANG_WARN_UNREACHABLE_CODE = YES;
				CLANG_WARN__DUPLICATE_METHOD_MATCH = YES;
				"CODE_SIGN_IDENTITY[sdk=iphoneos*]" = "iPhone Developer";
				COPY_PHASE_STRIP = NO;
				DEBUG_INFORMATION_FORMAT = dwarf;
				ENABLE_STRICT_OBJC_MSGSEND = YES;
				ENABLE_TESTABILITY = YES;
				GCC_C_LANGUAGE_STANDARD = gnu99;
				GCC_DYNAMIC_NO_PIC = NO;
				GCC_NO_COMMON_BLOCKS = YES;
				GCC_OPTIMIZATION_LEVEL = 0;
				GCC_PREPROCESSOR_DEFINITIONS = (
					"DEBUG=1",
					"$(inherited)",
				);
				GCC_WARN_64_TO_32_BIT_CONVERSION = YES;
				GCC_WARN_ABOUT_RETURN_TYPE = YES_ERROR;
				GCC_WARN_UNDECLARED_SELECTOR = YES;
				GCC_WARN_UNINITIALIZED_AUTOS = YES_AGGRESSIVE;
				GCC_WARN_UNUSED_FUNCTION = YES;
				GCC_WARN_UNUSED_VARIABLE = YES;
				IPHONEOS_DEPLOYMENT_TARGET = 9.2;
				MTL_ENABLE_DEBUG_INFO = YES;
				ONLY_ACTIVE_ARCH = YES;
				SDKROOT = iphoneos;
			};
			name = Debug;
		};
		1863E68C1C7015AF007DB69D /* Release */ = {
			isa = XCBuildConfiguration;
			buildSettings = {
				ALWAYS_SEARCH_USER_PATHS = NO;
				CLANG_CXX_LANGUAGE_STANDARD = "gnu++0x";
				CLANG_CXX_LIBRARY = "libc++";
				CLANG_ENABLE_MODULES = YES;
				CLANG_ENABLE_OBJC_ARC = YES;
				CLANG_WARN_BOOL_CONVERSION = YES;
				CLANG_WARN_CONSTANT_CONVERSION = YES;
				CLANG_WARN_DIRECT_OBJC_ISA_USAGE = YES_ERROR;
				CLANG_WARN_EMPTY_BODY = YES;
				CLANG_WARN_ENUM_CONVERSION = YES;
				CLANG_WARN_INT_CONVERSION = YES;
				CLANG_WARN_OBJC_ROOT_CLASS = YES_ERROR;
				CLANG_WARN_UNREACHABLE_CODE = YES;
				CLANG_WARN__DUPLICATE_METHOD_MATCH = YES;
				"CODE_SIGN_IDENTITY[sdk=iphoneos*]" = "iPhone Developer";
				COPY_PHASE_STRIP = NO;
				DEBUG_INFORMATION_FORMAT = "dwarf-with-dsym";
				ENABLE_NS_ASSERTIONS = NO;
				ENABLE_STRICT_OBJC_MSGSEND = YES;
				GCC_C_LANGUAGE_STANDARD = gnu99;
				GCC_NO_COMMON_BLOCKS = YES;
				GCC_WARN_64_TO_32_BIT_CONVERSION = YES;
				GCC_WARN_ABOUT_RETURN_TYPE = YES_ERROR;
				GCC_WARN_UNDECLARED_SELECTOR = YES;
				GCC_WARN_UNINITIALIZED_AUTOS = YES_AGGRESSIVE;
				GCC_WARN_UNUSED_FUNCTION = YES;
				GCC_WARN_UNUSED_VARIABLE = YES;
				IPHONEOS_DEPLOYMENT_TARGET = 9.2;
				MTL_ENABLE_DEBUG_INFO = NO;
				SDKROOT = iphoneos;
				VALIDATE_PRODUCT = YES;
			};
			name = Release;
		};
		1863E68E1C7015AF007DB69D /* Debug */ = {
			isa = XCBuildConfiguration;
			buildSettings = {
				ASSETCATALOG_COMPILER_APPICON_NAME = AppIcon;
				INFOPLIST_FILE = "一句话实现btn内部控件调整任意位置/Info.plist";
				LD_RUNPATH_SEARCH_PATHS = "$(inherited) @executable_path/Frameworks";
				PRODUCT_BUNDLE_IDENTIFIER = "WZB.-----btn----------";
				PRODUCT_NAME = "$(TARGET_NAME)";
			};
			name = Debug;
		};
		1863E68F1C7015AF007DB69D /* Release */ = {
			isa = XCBuildConfiguration;
			buildSettings = {
				ASSETCATALOG_COMPILER_APPICON_NAME = AppIcon;
				INFOPLIST_FILE = "一句话实现btn内部控件调整任意位置/Info.plist";
				LD_RUNPATH_SEARCH_PATHS = "$(inherited) @executable_path/Frameworks";
				PRODUCT_BUNDLE_IDENTIFIER = "WZB.-----btn----------";
				PRODUCT_NAME = "$(TARGET_NAME)";
			};
			name = Release;
		};
		1863E6911C7015AF007DB69D /* Debug */ = {
			isa = XCBuildConfiguration;
			buildSettings = {
				BUNDLE_LOADER = "$(TEST_HOST)";
				INFOPLIST_FILE = "一句话实现btn内部控件调整任意位置Tests/Info.plist";
				LD_RUNPATH_SEARCH_PATHS = "$(inherited) @executable_path/Frameworks @loader_path/Frameworks";
				PRODUCT_BUNDLE_IDENTIFIER = "WZB.-----btn----------Tests";
				PRODUCT_NAME = "$(TARGET_NAME)";
				TEST_HOST = "$(BUILT_PRODUCTS_DIR)/一句话实现btn内部控件调整任意位置.app/一句话实现btn内部控件调整任意位置";
			};
			name = Debug;
		};
		1863E6921C7015AF007DB69D /* Release */ = {
			isa = XCBuildConfiguration;
			buildSettings = {
				BUNDLE_LOADER = "$(TEST_HOST)";
				INFOPLIST_FILE = "一句话实现btn内部控件调整任意位置Tests/Info.plist";
				LD_RUNPATH_SEARCH_PATHS = "$(inherited) @executable_path/Frameworks @loader_path/Frameworks";
				PRODUCT_BUNDLE_IDENTIFIER = "WZB.-----btn----------Tests";
				PRODUCT_NAME = "$(TARGET_NAME)";
				TEST_HOST = "$(BUILT_PRODUCTS_DIR)/一句话实现btn内部控件调整任意位置.app/一句话实现btn内部控件调整任意位置";
			};
			name = Release;
		};
		1863E6941C7015AF007DB69D /* Debug */ = {
			isa = XCBuildConfiguration;
			buildSettings = {
				INFOPLIST_FILE = "一句话实现btn内部控件调整任意位置UITests/Info.plist";
				LD_RUNPATH_SEARCH_PATHS = "$(inherited) @executable_path/Frameworks @loader_path/Frameworks";
				PRODUCT_BUNDLE_IDENTIFIER = "WZB.-----btn----------UITests";
				PRODUCT_NAME = "$(TARGET_NAME)";
				TEST_TARGET_NAME = "一句话实现btn内部控件调整任意位置";
				USES_XCTRUNNER = YES;
			};
			name = Debug;
		};
		1863E6951C7015AF007DB69D /* Release */ = {
			isa = XCBuildConfiguration;
			buildSettings = {
				INFOPLIST_FILE = "一句话实现btn内部控件调整任意位置UITests/Info.plist";
				LD_RUNPATH_SEARCH_PATHS = "$(inherited) @executable_path/Frameworks @loader_path/Frameworks";
				PRODUCT_BUNDLE_IDENTIFIER = "WZB.-----btn----------UITests";
				PRODUCT_NAME = "$(TARGET_NAME)";
				TEST_TARGET_NAME = "一句话实现btn内部控件调整任意位置";
				USES_XCTRUNNER = YES;
			};
			name = Release;
		};
/* End XCBuildConfiguration section */

/* Begin XCConfigurationList section */
		1863E65B1C7015AF007DB69D /* Build configuration list for PBXProject "一句话实现btn内部控件调整任意位置" */ = {
			isa = XCConfigurationList;
			buildConfigurations = (
				1863E68B1C7015AF007DB69D /* Debug */,
				1863E68C1C7015AF007DB69D /* Release */,
			);
			defaultConfigurationIsVisible = 0;
			defaultConfigurationName = Release;
		};
		1863E68D1C7015AF007DB69D /* Build configuration list for PBXNativeTarget "一句话实现btn内部控件调整任意位置" */ = {
			isa = XCConfigurationList;
			buildConfigurations = (
				1863E68E1C7015AF007DB69D /* Debug */,
				1863E68F1C7015AF007DB69D /* Release */,
			);
			defaultConfigurationIsVisible = 0;
		};
		1863E6901C7015AF007DB69D /* Build configuration list for PBXNativeTarget "一句话实现btn内部控件调整任意位置Tests" */ = {
			isa = XCConfigurationList;
			buildConfigurations = (
				1863E6911C7015AF007DB69D /* Debug */,
				1863E6921C7015AF007DB69D /* Release */,
			);
			defaultConfigurationIsVisible = 0;
		};
		1863E6931C7015AF007DB69D /* Build configuration list for PBXNativeTarget "一句话实现btn内部控件调整任意位置UITests" */ = {
			isa = XCConfigurationList;
			buildConfigurations = (
				1863E6941C7015AF007DB69D /* Debug */,
				1863E6951C7015AF007DB69D /* Release */,
			);
			defaultConfigurationIsVisible = 0;
		};
/* End XCConfigurationList section */
	};
	rootObject = 1863E6581C7015AF007DB69D /* Project object */;
}
